// !$*UTF8*$!
{
	archiveVersion = 1;
	classes = {
	};
	objectVersion = 46;
	objects = {

/* Begin PBXBuildFile section */
		F9402F2B1D928BD0008751D1 /* AppDelegate.swift in Sources */ = {isa = PBXBuildFile; fileRef = F9402F2A1D928BD0008751D1 /* AppDelegate.swift */; };
		F9402F2D1D928BD0008751D1 /* ViewController.swift in Sources */ = {isa = PBXBuildFile; fileRef = F9402F2C1D928BD0008751D1 /* ViewController.swift */; };
		F9402F301D928BD0008751D1 /* Main.storyboard in Resources */ = {isa = PBXBuildFile; fileRef = F9402F2E1D928BD0008751D1 /* Main.storyboard */; };
		F9402F321D928BD0008751D1 /* Assets.xcassets in Resources */ = {isa = PBXBuildFile; fileRef = F9402F311D928BD0008751D1 /* Assets.xcassets */; };
		F9402F351D928BD0008751D1 /* LaunchScreen.storyboard in Resources */ = {isa = PBXBuildFile; fileRef = F9402F331D928BD0008751D1 /* LaunchScreen.storyboard */; };
/* End PBXBuildFile section */

/* Begin PBXFileReference section */
		F9402F271D928BD0008751D1 /* SOSpeechtoText.app */ = {isa = PBXFileReference; explicitFileType = wrapper.application; includeInIndex = 0; path = SOSpeechtoText.app; sourceTree = BUILT_PRODUCTS_DIR; };
		F9402F2A1D928BD0008751D1 /* AppDelegate.swift */ = {isa = PBXFileReference; lastKnownFileType = sourcecode.swift; path = AppDelegate.swift; sourceTree = "<group>"; };
		F9402F2C1D928BD0008751D1 /* ViewController.swift */ = {isa = PBXFileReference; lastKnownFileType = sourcecode.swift; path = ViewController.swift; sourceTree = "<group>"; };
		F9402F2F1D928BD0008751D1 /* Base */ = {isa = PBXFileReference; lastKnownFileType = file.storyboard; name = Base; path = Base.lproj/Main.storyboard; sourceTree = "<group>"; };
		F9402F311D928BD0008751D1 /* Assets.xcassets */ = {isa = PBXFileReference; lastKnownFileType = folder.assetcatalog; path = Assets.xcassets; sourceTree = "<group>"; };
		F9402F341D928BD0008751D1 /* Base */ = {isa = PBXFileReference; lastKnownFileType = file.storyboard; name = Base; path = Base.lproj/LaunchScreen.storyboard; sourceTree = "<group>"; };
		F9402F361D928BD0008751D1 /* Info.plist */ = {isa = PBXFileReference; lastKnownFileType = text.plist.xml; path = Info.plist; sourceTree = "<group>"; };
/* End PBXFileReference section */

/* Begin PBXFrameworksBuildPhase section */
		F9402F241D928BD0008751D1 /* Frameworks */ = {
			isa = PBXFrameworksBuildPhase;
			buildActionMask = 2147483647;
			files = (
			);
			runOnlyForDeploymentPostprocessing = 0;
		};
/* End PBXFrameworksBuildPhase section */

/* Begin PBXGroup section */
		F9402F1E1D928BD0008751D1 = {
			isa = PBXGroup;
			children = (
				F9402F291D928BD0008751D1 /* SOSpeechtoText */,
				F9402F281D928BD0008751D1 /* Products */,
			);
			sourceTree = "<group>";
		};
		F9402F281D928BD0008751D1 /* Products */ = {
			isa = PBXGroup;
			children = (
				F9402F271D928BD0008751D1 /* SOSpeechtoText.app */,
			);
			name = Products;
			sourceTree = "<group>";
		};
		F9402F291D928BD0008751D1 /* SOSpeechtoText */ = {
			isa = PBXGroup;
			children = (
				F9402F2A1D928BD0008751D1 /* AppDelegate.swift */,
				F9402F2C1D928BD0008751D1 /* ViewController.swift */,
				F9402F2E1D928BD0008751D1 /* Main.storyboard */,
				F9402F311D928BD0008751D1 /* Assets.xcassets */,
				F9402F331D928BD0008751D1 /* LaunchScreen.storyboard */,
				F9402F361D928BD0008751D1 /* Info.plist */,
			);
			path = SOSpeechtoText;
			sourceTree = "<group>";
		};
/* End PBXGroup section */

/* Begin PBXNativeTarget section */
		F9402F261D928BD0008751D1 /* SOSpeechtoText */ = {
			isa = PBXNativeTarget;
			buildConfigurationList = F9402F391D928BD0008751D1 /* Build configuration list for PBXNativeTarget "SOSpeechtoText" */;
			buildPhases = (
				F9402F231D928BD0008751D1 /* Sources */,
				F9402F241D928BD0008751D1 /* Frameworks */,
				F9402F251D928BD0008751D1 /* Resources */,
			);
			buildRules = (
			);
			dependencies = (
			);
			name = SOSpeechtoText;
			productName = SOSpeechtoText;
			productReference = F9402F271D928BD0008751D1 /* SOSpeechtoText.app */;
			productType = "com.apple.product-type.application";
		};
/* End PBXNativeTarget section */

/* Begin PBXProject section */
		F9402F1F1D928BD0008751D1 /* Project object */ = {
			isa = PBXProject;
			attributes = {
				LastSwiftUpdateCheck = 0800;
				LastUpgradeCheck = 0800;
				ORGANIZATIONNAME = myCompany;
				TargetAttributes = {
					F9402F261D928BD0008751D1 = {
						CreatedOnToolsVersion = 8.0;
						DevelopmentTeam = Z896W6JV89;
						DevelopmentTeamName = "Hitesh Trivedi (Personal Team)";
						ProvisioningStyle = Automatic;
					};
				};
			};
			buildConfigurationList = F9402F221D928BD0008751D1 /* Build configuration list for PBXProject "SOSpeechtoText" */;
			compatibilityVersion = "Xcode 3.2";
			developmentRegion = English;
			hasScannedForEncodings = 0;
			knownRegions = (
				en,
				Base,
			);
			mainGroup = F9402F1E1D928BD0008751D1;
			productRefGroup = F9402F281D928BD0008751D1 /* Products */;
			projectDirPath = "";
			projectRoot = "";
			targets = (
				F9402F261D928BD0008751D1 /* SOSpeechtoText */,
			);
		};
/* End PBXProject section */

/* Begin PBXResourcesBuildPhase section */
		F9402F251D928BD0008751D1 /* Resources */ = {
			isa = PBXResourcesBuildPhase;
			buildActionMask = 2147483647;
			files = (
				F9402F351D928BD0008751D1 /* LaunchScreen.storyboard in Resources */,
				F9402F321D928BD0008751D1 /* Assets.xcassets in Resources */,
				F9402F301D928BD0008751D1 /* Main.storyboard in Resources */,
			);
			runOnlyForDeploymentPostprocessing = 0;
		};
/* End PBXResourcesBuildPhase section */

/* Begin PBXSourcesBuildPhase section */
		F9402F231D928BD0008751D1 /* Sources */ = {
			isa = PBXSourcesBuildPhase;
			buildActionMask = 2147483647;
			files = (
				F9402F2D1D928BD0008751D1 /* ViewController.swift in Sources */,
				F9402F2B1D928BD0008751D1 /* AppDelegate.swift in Sources */,
			);
			runOnlyForDeploymentPostprocessing = 0;
		};
/* End PBXSourcesBuildPhase section */

/* Begin PBXVariantGroup section */
		F9402F2E1D928BD0008751D1 /* Main.storyboard */ = {
			isa = PBXVariantGroup;
			children = (
				F9402F2F1D928BD0008751D1 /* Base */,
			);
			name = Main.storyboard;
			sourceTree = "<group>";
		};
		F9402F331D928BD0008751D1 /* LaunchScreen.storyboard */ = {
			isa = PBXVariantGroup;
			children = (
				F9402F341D928BD0008751D1 /* Base */,
			);
			name = LaunchScreen.storyboard;
			sourceTree = "<group>";
		};
/* End PBXVariantGroup section */

/* Begin XCBuildConfiguration section */
		F9402F371D928BD0008751D1 /* Debug */ = {
			isa = XCBuildConfiguration;
			buildSettings = {
				ALWAYS_SEARCH_USER_PATHS = NO;
				CLANG_ANALYZER_NONNULL = YES;
				CLANG_CXX_LANGUAGE_STANDARD = "gnu++0x";
				CLANG_CXX_LIBRARY = "libc++";
				CLANG_ENABLE_MODULES = YES;
				CLANG_ENABLE_OBJC_ARC = YES;
				CLANG_WARN_BOOL_CONVERSION = YES;
				CLANG_WARN_CONSTANT_CONVERSION = YES;
				CLANG_WARN_DIRECT_OBJC_ISA_USAGE = YES_ERROR;
				CLANG_WARN_DOCUMENTATION_COMMENTS = YES;
				CLANG_WARN_EMPTY_BODY = YES;
				CLANG_WARN_ENUM_CONVERSION = YES;
				CLANG_WARN_INT_CONVERSION = YES;
				CLANG_WARN_OBJC_ROOT_CLASS = YES_ERROR;
				CLANG_WARN_UNREACHABLE_CODE = YES;
				CLANG_WARN__DUPLICATE_METHOD_MATCH = YES;
				"CODE_SIGN_IDENTITY[sdk=iphoneos*]" = "iPhone Developer";
				COPY_PHASE_STRIP = NO;
				DEBUG_INFORMATION_FORMAT = dwarf;
				ENABLE_STRICT_OBJC_MSGSEND = YES;
				ENABLE_TESTABILITY = YES;
				GCC_C_LANGUAGE_STANDARD = gnu99;
				GCC_DYNAMIC_NO_PIC = NO;
				GCC_NO_COMMON_BLOCKS = YES;
				GCC_OPTIMIZATION_LEVEL = 0;
				GCC_PREPROCESSOR_DEFINITIONS = (
					"DEBUG=1",
					"$(inherited)",
				);
				GCC_WARN_64_TO_32_BIT_CONVERSION = YES;
				GCC_WARN_ABOUT_RETURN_TYPE = YES_ERROR;
				GCC_WARN_UNDECLARED_SELECTOR = YES;
				GCC_WARN_UNINITIALIZED_AUTOS = YES_AGGRESSIVE;
				GCC_WARN_UNUSED_FUNCTION = YES;
				GCC_WARN_UNUSED_VARIABLE = YES;
				IPHONEOS_DEPLOYMENT_TARGET = 10.0;
				MTL_ENABLE_DEBUG_INFO = YES;
				ONLY_ACTIVE_ARCH = YES;
				SDKROOT = iphoneos;
				SWIFT_ACTIVE_COMPILATION_CONDITIONS = DEBUG;
				SWIFT_OPTIMIZATION_LEVEL = "-Onone";
			};
			name = Debug;
		};
		F9402F381D928BD0008751D1 /* Release */ = {
			isa = XCBuildConfiguration;
			buildSettings = {
				ALWAYS_SEARCH_USER_PATHS = NO;
				CLANG_ANALYZER_NONNULL = YES;
				CLANG_CXX_LANGUAGE_STANDARD = "gnu++0x";
				CLANG_CXX_LIBRARY = "libc++";
				CLANG_ENABLE_MODULES = YES;
				CLANG_ENABLE_OBJC_ARC = YES;
				CLANG_WARN_BOOL_CONVERSION = YES;
				CLANG_WARN_CONSTANT_CONVERSION = YES;
				CLANG_WARN_DIRECT_OBJC_ISA_USAGE = YES_ERROR;
				CLANG_WARN_DOCUMENTATION_COMMENTS = YES;
				CLANG_WARN_EMPTY_BODY = YES;
				CLANG_WARN_ENUM_CONVERSION = YES;
				CLANG_WARN_INT_CONVERSION = YES;
				CLANG_WARN_OBJC_ROOT_CLASS = YES_ERROR;
				CLANG_WARN_UNREACHABLE_CODE = YES;
				CLANG_WARN__DUPLICATE_METHOD_MATCH = YES;
				"CODE_SIGN_IDENTITY[sdk=iphoneos*]" = "iPhone Developer";
				COPY_PHASE_STRIP = NO;
				DEBUG_INFORMATION_FORMAT = "dwarf-with-dsym";
				ENABLE_NS_ASSERTIONS = NO;
				ENABLE_STRICT_OBJC_MSGSEND = YES;
				GCC_C_LANGUAGE_STANDARD = gnu99;
				GCC_NO_COMMON_BLOCKS = YES;
				GCC_WARN_64_TO_32_BIT_CONVERSION = YES;
				GCC_WARN_ABOUT_RETURN_TYPE = YES_ERROR;
				GCC_WARN_UNDECLARED_SELECTOR = YES;
				GCC_WARN_UNINITIALIZED_AUTOS = YES_AGGRESSIVE;
				GCC_WARN_UNUSED_FUNCTION = YES;
				GCC_WARN_UNUSED_VARIABLE = YES;
				IPHONEOS_DEPLOYMENT_TARGET = 10.0;
				MTL_ENABLE_DEBUG_INFO = NO;
				SDKROOT = iphoneos;
				SWIFT_OPTIMIZATION_LEVEL = "-Owholemodule";
				VALIDATE_PRODUCT = YES;
			};
			name = Release;
		};
		F9402F3A1D928BD0008751D1 /* Debug */ = {
			isa = XCBuildConfiguration;
			buildSettings = {
				ASSETCATALOG_COMPILER_APPICON_NAME = AppIcon;
				INFOPLIST_FILE = SOSpeechtoText/Info.plist;
				LD_RUNPATH_SEARCH_PATHS = "$(inherited) @executable_path/Frameworks";
				PRODUCT_BUNDLE_IDENTIFIER = com.melinda.af1234;
				PRODUCT_NAME = "$(TARGET_NAME)";
				SWIFT_VERSION = 3.0;
			};
			name = Debug;
		};
		F9402F3B1D928BD0008751D1 /* Release */ = {
			isa = XCBuildConfiguration;
			buildSettings = {
				ASSETCATALOG_COMPILER_APPICON_NAME = AppIcon;
				INFOPLIST_FILE = SOSpeechtoText/Info.plist;
				LD_RUNPATH_SEARCH_PATHS = "$(inherited) @executable_path/Frameworks";
				PRODUCT_BUNDLE_IDENTIFIER = com.melinda.af1234;
				PRODUCT_NAME = "$(TARGET_NAME)";
				SWIFT_VERSION = 3.0;
			};
			name = Release;
		};
/* End XCBuildConfiguration section */

/* Begin XCConfigurationList section */
		F9402F221D928BD0008751D1 /* Build configuration list for PBXProject "SOSpeechtoText" */ = {
			isa = XCConfigurationList;
			buildConfigurations = (
				F9402F371D928BD0008751D1 /* Debug */,
				F9402F381D928BD0008751D1 /* Release */,
			);
			defaultConfigurationIsVisible = 0;
			defaultConfigurationName = Release;
		};
		F9402F391D928BD0008751D1 /* Build configuration list for PBXNativeTarget "SOSpeechtoText" */ = {
			isa = XCConfigurationList;
			buildConfigurations = (
				F9402F3A1D928BD0008751D1 /* Debug */,
				F9402F3B1D928BD0008751D1 /* Release */,
			);
			defaultConfigurationIsVisible = 0;
		};
/* End XCConfigurationList section */
	};
	rootObject = F9402F1F1D928BD0008751D1 /* Project object */;
}
